// !$*UTF8*$!
{
	archiveVersion = 1;
	classes = {
	};
	objectVersion = 48;
	objects = {

/* Begin PBXBuildFile section */
		01281C590E6AB49ECF9179D3 /* Pods_FoodTaskerMobile.framework in Frameworks */ = {isa = PBXBuildFile; fileRef = B0907B09F6CBA8D1ED8AD53B /* Pods_FoodTaskerMobile.framework */; };
		A01B63F2200C9335009E4871 /* AppDelegate.swift in Sources */ = {isa = PBXBuildFile; fileRef = A01B63F1200C9335009E4871 /* AppDelegate.swift */; };
		A01B63F7200C9335009E4871 /* Main.storyboard in Resources */ = {isa = PBXBuildFile; fileRef = A01B63F5200C9335009E4871 /* Main.storyboard */; };
		A01B63F9200C9335009E4871 /* Assets.xcassets in Resources */ = {isa = PBXBuildFile; fileRef = A01B63F8200C9335009E4871 /* Assets.xcassets */; };
		A01B63FC200C9335009E4871 /* LaunchScreen.storyboard in Resources */ = {isa = PBXBuildFile; fileRef = A01B63FA200C9335009E4871 /* LaunchScreen.storyboard */; };
		A01B6407200C9335009E4871 /* FoodTaskerMobileTests.swift in Sources */ = {isa = PBXBuildFile; fileRef = A01B6406200C9335009E4871 /* FoodTaskerMobileTests.swift */; };
		A01B6412200C9335009E4871 /* FoodTaskerMobileUITests.swift in Sources */ = {isa = PBXBuildFile; fileRef = A01B6411200C9335009E4871 /* FoodTaskerMobileUITests.swift */; };
		A01B6422200F209D009E4871 /* SWRevealViewController.m in Sources */ = {isa = PBXBuildFile; fileRef = A01B6421200F209D009E4871 /* SWRevealViewController.m */; };
		A02D0AB3204CA8E7000B9A71 /* PaymentViewController.swift in Sources */ = {isa = PBXBuildFile; fileRef = A02D0AB2204CA8E7000B9A71 /* PaymentViewController.swift */; };
		A02D0AB5204F54F0000B9A71 /* OrderViewController.swift in Sources */ = {isa = PBXBuildFile; fileRef = A02D0AB4204F54F0000B9A71 /* OrderViewController.swift */; };
		A0444F98204AD8D0001C9202 /* RestaurantViewController.swift in Sources */ = {isa = PBXBuildFile; fileRef = A0444F97204AD8D0001C9202 /* RestaurantViewController.swift */; };
		A0444F9A204ADED8001C9202 /* CustomerMenuTableViewController.swift in Sources */ = {isa = PBXBuildFile; fileRef = A0444F99204ADED8001C9202 /* CustomerMenuTableViewController.swift */; };
		A0444F9C204AE650001C9202 /* MealListTableViewController.swift in Sources */ = {isa = PBXBuildFile; fileRef = A0444F9B204AE650001C9202 /* MealListTableViewController.swift */; };
		A0444F9E204AFFFA001C9202 /* MealDetailsViewController.swift in Sources */ = {isa = PBXBuildFile; fileRef = A0444F9D204AFFFA001C9202 /* MealDetailsViewController.swift */; };
		A0444FA0204BAB06001C9202 /* TrayViewController.swift in Sources */ = {isa = PBXBuildFile; fileRef = A0444F9F204BAB06001C9202 /* TrayViewController.swift */; };
		A0444FA3204BAC60001C9202 /* MapKit.framework in Frameworks */ = {isa = PBXBuildFile; fileRef = A0444FA2204BAC60001C9202 /* MapKit.framework */; };
		A0D1DF57205023420053875B /* FBManager.swift in Sources */ = {isa = PBXBuildFile; fileRef = A0D1DF56205023420053875B /* FBManager.swift */; };
		A0D1DF5B205421D40053875B /* User.swift in Sources */ = {isa = PBXBuildFile; fileRef = A0D1DF5A205421D40053875B /* User.swift */; };
		A0D1DF61205436CB0053875B /* LoginViewController.swift in Sources */ = {isa = PBXBuildFile; fileRef = A0D1DF60205436CB0053875B /* LoginViewController.swift */; };
		A0D1DF67205437770053875B /* APIManager.swift in Sources */ = {isa = PBXBuildFile; fileRef = A0D1DF66205437770053875B /* APIManager.swift */; };
		A0D1DF69205552550053875B /* Constants.swift in Sources */ = {isa = PBXBuildFile; fileRef = A0D1DF68205552550053875B /* Constants.swift */; };
/* End PBXBuildFile section */

/* Begin PBXContainerItemProxy section */
		A01B6403200C9335009E4871 /* PBXContainerItemProxy */ = {
			isa = PBXContainerItemProxy;
			containerPortal = A01B63E6200C9335009E4871 /* Project object */;
			proxyType = 1;
			remoteGlobalIDString = A01B63ED200C9335009E4871;
			remoteInfo = FoodTaskerMobile;
		};
		A01B640E200C9335009E4871 /* PBXContainerItemProxy */ = {
			isa = PBXContainerItemProxy;
			containerPortal = A01B63E6200C9335009E4871 /* Project object */;
			proxyType = 1;
			remoteGlobalIDString = A01B63ED200C9335009E4871;
			remoteInfo = FoodTaskerMobile;
		};
/* End PBXContainerItemProxy section */

/* Begin PBXFileReference section */
		5BDF667143B7E739BA11D9F9 /* Pods-FoodTaskerMobile.debug.xcconfig */ = {isa = PBXFileReference; includeInIndex = 1; lastKnownFileType = text.xcconfig; name = "Pods-FoodTaskerMobile.debug.xcconfig"; path = "Pods/Target Support Files/Pods-FoodTaskerMobile/Pods-FoodTaskerMobile.debug.xcconfig"; sourceTree = "<group>"; };
		A01B63EE200C9335009E4871 /* FoodTaskerMobile.app */ = {isa = PBXFileReference; explicitFileType = wrapper.application; includeInIndex = 0; path = FoodTaskerMobile.app; sourceTree = BUILT_PRODUCTS_DIR; };
		A01B63F1200C9335009E4871 /* AppDelegate.swift */ = {isa = PBXFileReference; lastKnownFileType = sourcecode.swift; path = AppDelegate.swift; sourceTree = "<group>"; };
		A01B63F6200C9335009E4871 /* Base */ = {isa = PBXFileReference; lastKnownFileType = file.storyboard; name = Base; path = Base.lproj/Main.storyboard; sourceTree = "<group>"; };
		A01B63F8200C9335009E4871 /* Assets.xcassets */ = {isa = PBXFileReference; lastKnownFileType = folder.assetcatalog; path = Assets.xcassets; sourceTree = "<group>"; };
		A01B63FB200C9335009E4871 /* Base */ = {isa = PBXFileReference; lastKnownFileType = file.storyboard; name = Base; path = Base.lproj/LaunchScreen.storyboard; sourceTree = "<group>"; };
		A01B63FD200C9335009E4871 /* Info.plist */ = {isa = PBXFileReference; lastKnownFileType = text.plist.xml; path = Info.plist; sourceTree = "<group>"; };
		A01B6402200C9335009E4871 /* FoodTaskerMobileTests.xctest */ = {isa = PBXFileReference; explicitFileType = wrapper.cfbundle; includeInIndex = 0; path = FoodTaskerMobileTests.xctest; sourceTree = BUILT_PRODUCTS_DIR; };
		A01B6406200C9335009E4871 /* FoodTaskerMobileTests.swift */ = {isa = PBXFileReference; lastKnownFileType = sourcecode.swift; path = FoodTaskerMobileTests.swift; sourceTree = "<group>"; };
		A01B6408200C9335009E4871 /* Info.plist */ = {isa = PBXFileReference; lastKnownFileType = text.plist.xml; path = Info.plist; sourceTree = "<group>"; };
		A01B640D200C9335009E4871 /* FoodTaskerMobileUITests.xctest */ = {isa = PBXFileReference; explicitFileType = wrapper.cfbundle; includeInIndex = 0; path = FoodTaskerMobileUITests.xctest; sourceTree = BUILT_PRODUCTS_DIR; };
		A01B6411200C9335009E4871 /* FoodTaskerMobileUITests.swift */ = {isa = PBXFileReference; lastKnownFileType = sourcecode.swift; path = FoodTaskerMobileUITests.swift; sourceTree = "<group>"; };
		A01B6413200C9335009E4871 /* Info.plist */ = {isa = PBXFileReference; lastKnownFileType = text.plist.xml; path = Info.plist; sourceTree = "<group>"; };
		A01B641F200F209C009E4871 /* FoodTaskerMobile-Bridging-Header.h */ = {isa = PBXFileReference; lastKnownFileType = sourcecode.c.h; path = "FoodTaskerMobile-Bridging-Header.h"; sourceTree = "<group>"; };
		A01B6420200F209C009E4871 /* SWRevealViewController.h */ = {isa = PBXFileReference; fileEncoding = 4; lastKnownFileType = sourcecode.c.h; path = SWRevealViewController.h; sourceTree = "<group>"; };
		A01B6421200F209D009E4871 /* SWRevealViewController.m */ = {isa = PBXFileReference; fileEncoding = 4; lastKnownFileType = sourcecode.c.objc; path = SWRevealViewController.m; sourceTree = "<group>"; };
		A02D0AB2204CA8E7000B9A71 /* PaymentViewController.swift */ = {isa = PBXFileReference; lastKnownFileType = sourcecode.swift; path = PaymentViewController.swift; sourceTree = "<group>"; };
		A02D0AB4204F54F0000B9A71 /* OrderViewController.swift */ = {isa = PBXFileReference; lastKnownFileType = sourcecode.swift; path = OrderViewController.swift; sourceTree = "<group>"; };
		A0444F97204AD8D0001C9202 /* RestaurantViewController.swift */ = {isa = PBXFileReference; lastKnownFileType = sourcecode.swift; path = RestaurantViewController.swift; sourceTree = "<group>"; };
		A0444F99204ADED8001C9202 /* CustomerMenuTableViewController.swift */ = {isa = PBXFileReference; lastKnownFileType = sourcecode.swift; path = CustomerMenuTableViewController.swift; sourceTree = "<group>"; };
		A0444F9B204AE650001C9202 /* MealListTableViewController.swift */ = {isa = PBXFileReference; lastKnownFileType = sourcecode.swift; path = MealListTableViewController.swift; sourceTree = "<group>"; };
		A0444F9D204AFFFA001C9202 /* MealDetailsViewController.swift */ = {isa = PBXFileReference; lastKnownFileType = sourcecode.swift; path = MealDetailsViewController.swift; sourceTree = "<group>"; };
		A0444F9F204BAB06001C9202 /* TrayViewController.swift */ = {isa = PBXFileReference; lastKnownFileType = sourcecode.swift; path = TrayViewController.swift; sourceTree = "<group>"; };
		A0444FA2204BAC60001C9202 /* MapKit.framework */ = {isa = PBXFileReference; lastKnownFileType = wrapper.framework; name = MapKit.framework; path = System/Library/Frameworks/MapKit.framework; sourceTree = SDKROOT; };
		A0D1DF552050202E0053875B /* FoodTaskerMobile.entitlements */ = {isa = PBXFileReference; lastKnownFileType = text.plist.entitlements; path = FoodTaskerMobile.entitlements; sourceTree = "<group>"; };
		A0D1DF56205023420053875B /* FBManager.swift */ = {isa = PBXFileReference; lastKnownFileType = sourcecode.swift; path = FBManager.swift; sourceTree = "<group>"; };
		A0D1DF5A205421D40053875B /* User.swift */ = {isa = PBXFileReference; lastKnownFileType = sourcecode.swift; path = User.swift; sourceTree = "<group>"; };
		A0D1DF60205436CB0053875B /* LoginViewController.swift */ = {isa = PBXFileReference; lastKnownFileType = sourcecode.swift; path = LoginViewController.swift; sourceTree = "<group>"; };
		A0D1DF66205437770053875B /* APIManager.swift */ = {isa = PBXFileReference; lastKnownFileType = sourcecode.swift; path = APIManager.swift; sourceTree = "<group>"; };
		A0D1DF68205552550053875B /* Constants.swift */ = {isa = PBXFileReference; lastKnownFileType = sourcecode.swift; path = Constants.swift; sourceTree = "<group>"; };
		B0907B09F6CBA8D1ED8AD53B /* Pods_FoodTaskerMobile.framework */ = {isa = PBXFileReference; explicitFileType = wrapper.framework; includeInIndex = 0; path = Pods_FoodTaskerMobile.framework; sourceTree = BUILT_PRODUCTS_DIR; };
		E10B22EA2FAE78AAC4D2E891 /* Pods-FoodTaskerMobile.release.xcconfig */ = {isa = PBXFileReference; includeInIndex = 1; lastKnownFileType = text.xcconfig; name = "Pods-FoodTaskerMobile.release.xcconfig"; path = "Pods/Target Support Files/Pods-FoodTaskerMobile/Pods-FoodTaskerMobile.release.xcconfig"; sourceTree = "<group>"; };
/* End PBXFileReference section */

/* Begin PBXFrameworksBuildPhase section */
		A01B63EB200C9335009E4871 /* Frameworks */ = {
			isa = PBXFrameworksBuildPhase;
			buildActionMask = 2147483647;
			files = (
				A0444FA3204BAC60001C9202 /* MapKit.framework in Frameworks */,
				01281C590E6AB49ECF9179D3 /* Pods_FoodTaskerMobile.framework in Frameworks */,
			);
			runOnlyForDeploymentPostprocessing = 0;
		};
		A01B63FF200C9335009E4871 /* Frameworks */ = {
			isa = PBXFrameworksBuildPhase;
			buildActionMask = 2147483647;
			files = (
			);
			runOnlyForDeploymentPostprocessing = 0;
		};
		A01B640A200C9335009E4871 /* Frameworks */ = {
			isa = PBXFrameworksBuildPhase;
			buildActionMask = 2147483647;
			files = (
			);
			runOnlyForDeploymentPostprocessing = 0;
		};
/* End PBXFrameworksBuildPhase section */

/* Begin PBXGroup section */
		A00890224C0BA4BAA682ACF0 /* Pods */ = {
			isa = PBXGroup;
			children = (
				5BDF667143B7E739BA11D9F9 /* Pods-FoodTaskerMobile.debug.xcconfig */,
				E10B22EA2FAE78AAC4D2E891 /* Pods-FoodTaskerMobile.release.xcconfig */,
			);
			name = Pods;
			sourceTree = "<group>";
		};
		A01B63E5200C9335009E4871 = {
			isa = PBXGroup;
			children = (
				A01B63F0200C9335009E4871 /* FoodTaskerMobile */,
				A01B6405200C9335009E4871 /* FoodTaskerMobileTests */,
				A01B6410200C9335009E4871 /* FoodTaskerMobileUITests */,
				A01B63EF200C9335009E4871 /* Products */,
				A0444FA1204BAC60001C9202 /* Frameworks */,
				A00890224C0BA4BAA682ACF0 /* Pods */,
			);
			sourceTree = "<group>";
		};
		A01B63EF200C9335009E4871 /* Products */ = {
			isa = PBXGroup;
			children = (
				A01B63EE200C9335009E4871 /* FoodTaskerMobile.app */,
				A01B6402200C9335009E4871 /* FoodTaskerMobileTests.xctest */,
				A01B640D200C9335009E4871 /* FoodTaskerMobileUITests.xctest */,
			);
			name = Products;
			sourceTree = "<group>";
		};
		A01B63F0200C9335009E4871 /* FoodTaskerMobile */ = {
			isa = PBXGroup;
			children = (
				A0D1DF5F205436880053875B /* Manager */,
				A0D1DF5E205436800053875B /* Controller */,
				A0D1DF5D205436710053875B /* View */,
				A0D1DF5C2054364F0053875B /* Model */,
				A0D1DF552050202E0053875B /* FoodTaskerMobile.entitlements */,
				A01B6423200F20B8009E4871 /* Lib */,
				A01B63F1200C9335009E4871 /* AppDelegate.swift */,
				A01B63F5200C9335009E4871 /* Main.storyboard */,
				A01B63F8200C9335009E4871 /* Assets.xcassets */,
				A01B63FA200C9335009E4871 /* LaunchScreen.storyboard */,
				A01B63FD200C9335009E4871 /* Info.plist */,
			);
			path = FoodTaskerMobile;
			sourceTree = "<group>";
		};
		A01B6405200C9335009E4871 /* FoodTaskerMobileTests */ = {
			isa = PBXGroup;
			children = (
				A01B6406200C9335009E4871 /* FoodTaskerMobileTests.swift */,
				A01B6408200C9335009E4871 /* Info.plist */,
			);
			path = FoodTaskerMobileTests;
			sourceTree = "<group>";
		};
		A01B6410200C9335009E4871 /* FoodTaskerMobileUITests */ = {
			isa = PBXGroup;
			children = (
				A01B6411200C9335009E4871 /* FoodTaskerMobileUITests.swift */,
				A01B6413200C9335009E4871 /* Info.plist */,
			);
			path = FoodTaskerMobileUITests;
			sourceTree = "<group>";
		};
		A01B6423200F20B8009E4871 /* Lib */ = {
			isa = PBXGroup;
			children = (
				A01B6420200F209C009E4871 /* SWRevealViewController.h */,
				A01B6421200F209D009E4871 /* SWRevealViewController.m */,
				A01B641F200F209C009E4871 /* FoodTaskerMobile-Bridging-Header.h */,
			);
			path = Lib;
			sourceTree = "<group>";
		};
		A0444FA1204BAC60001C9202 /* Frameworks */ = {
			isa = PBXGroup;
			children = (
				A0444FA2204BAC60001C9202 /* MapKit.framework */,
				B0907B09F6CBA8D1ED8AD53B /* Pods_FoodTaskerMobile.framework */,
			);
			name = Frameworks;
			sourceTree = "<group>";
		};
		A0D1DF5C2054364F0053875B /* Model */ = {
			isa = PBXGroup;
			children = (
				A0D1DF5A205421D40053875B /* User.swift */,
			);
			path = Model;
			sourceTree = "<group>";
		};
		A0D1DF5D205436710053875B /* View */ = {
			isa = PBXGroup;
			children = (
			);
			path = View;
			sourceTree = "<group>";
		};
		A0D1DF5E205436800053875B /* Controller */ = {
			isa = PBXGroup;
			children = (
				A0D1DF60205436CB0053875B /* LoginViewController.swift */,
				A0444F97204AD8D0001C9202 /* RestaurantViewController.swift */,
				A0444F99204ADED8001C9202 /* CustomerMenuTableViewController.swift */,
				A0444F9B204AE650001C9202 /* MealListTableViewController.swift */,
				A0444F9D204AFFFA001C9202 /* MealDetailsViewController.swift */,
				A0444F9F204BAB06001C9202 /* TrayViewController.swift */,
				A02D0AB2204CA8E7000B9A71 /* PaymentViewController.swift */,
				A02D0AB4204F54F0000B9A71 /* OrderViewController.swift */,
			);
			path = Controller;
			sourceTree = "<group>";
		};
		A0D1DF5F205436880053875B /* Manager */ = {
			isa = PBXGroup;
			children = (
				A0D1DF56205023420053875B /* FBManager.swift */,
				A0D1DF66205437770053875B /* APIManager.swift */,
				A0D1DF68205552550053875B /* Constants.swift */,
			);
			path = Manager;
			sourceTree = "<group>";
		};
/* End PBXGroup section */

/* Begin PBXNativeTarget section */
		A01B63ED200C9335009E4871 /* FoodTaskerMobile */ = {
			isa = PBXNativeTarget;
			buildConfigurationList = A01B6416200C9335009E4871 /* Build configuration list for PBXNativeTarget "FoodTaskerMobile" */;
			buildPhases = (
				C9FEC9CC298FB9A812C15077 /* [CP] Check Pods Manifest.lock */,
				A01B63EA200C9335009E4871 /* Sources */,
				A01B63EB200C9335009E4871 /* Frameworks */,
				A01B63EC200C9335009E4871 /* Resources */,
				8CB39E86086B186195463361 /* [CP] Embed Pods Frameworks */,
				CD1243531FA9264355A5C4E5 /* [CP] Copy Pods Resources */,
			);
			buildRules = (
			);
			dependencies = (
			);
			name = FoodTaskerMobile;
			productName = FoodTaskerMobile;
			productReference = A01B63EE200C9335009E4871 /* FoodTaskerMobile.app */;
			productType = "com.apple.product-type.application";
		};
		A01B6401200C9335009E4871 /* FoodTaskerMobileTests */ = {
			isa = PBXNativeTarget;
			buildConfigurationList = A01B6419200C9335009E4871 /* Build configuration list for PBXNativeTarget "FoodTaskerMobileTests" */;
			buildPhases = (
				A01B63FE200C9335009E4871 /* Sources */,
				A01B63FF200C9335009E4871 /* Frameworks */,
				A01B6400200C9335009E4871 /* Resources */,
			);
			buildRules = (
			);
			dependencies = (
				A01B6404200C9335009E4871 /* PBXTargetDependency */,
			);
			name = FoodTaskerMobileTests;
			productName = FoodTaskerMobileTests;
			productReference = A01B6402200C9335009E4871 /* FoodTaskerMobileTests.xctest */;
			productType = "com.apple.product-type.bundle.unit-test";
		};
		A01B640C200C9335009E4871 /* FoodTaskerMobileUITests */ = {
			isa = PBXNativeTarget;
			buildConfigurationList = A01B641C200C9335009E4871 /* Build configuration list for PBXNativeTarget "FoodTaskerMobileUITests" */;
			buildPhases = (
				A01B6409200C9335009E4871 /* Sources */,
				A01B640A200C9335009E4871 /* Frameworks */,
				A01B640B200C9335009E4871 /* Resources */,
			);
			buildRules = (
			);
			dependencies = (
				A01B640F200C9335009E4871 /* PBXTargetDependency */,
			);
			name = FoodTaskerMobileUITests;
			productName = FoodTaskerMobileUITests;
			productReference = A01B640D200C9335009E4871 /* FoodTaskerMobileUITests.xctest */;
			productType = "com.apple.product-type.bundle.ui-testing";
		};
/* End PBXNativeTarget section */

/* Begin PBXProject section */
		A01B63E6200C9335009E4871 /* Project object */ = {
			isa = PBXProject;
			attributes = {
				LastSwiftUpdateCheck = 0920;
				LastUpgradeCheck = 0920;
				ORGANIZATIONNAME = "Ryoko Tominaga";
				TargetAttributes = {
					A01B63ED200C9335009E4871 = {
						CreatedOnToolsVersion = 9.2;
						LastSwiftMigration = 0920;
						ProvisioningStyle = Automatic;
						SystemCapabilities = {
							com.apple.Keychain = {
								enabled = 1;
							};
						};
					};
					A01B6401200C9335009E4871 = {
						CreatedOnToolsVersion = 9.2;
						ProvisioningStyle = Automatic;
						TestTargetID = A01B63ED200C9335009E4871;
					};
					A01B640C200C9335009E4871 = {
						CreatedOnToolsVersion = 9.2;
						ProvisioningStyle = Automatic;
						TestTargetID = A01B63ED200C9335009E4871;
					};
				};
			};
			buildConfigurationList = A01B63E9200C9335009E4871 /* Build configuration list for PBXProject "FoodTaskerMobile" */;
			compatibilityVersion = "Xcode 8.0";
			developmentRegion = en;
			hasScannedForEncodings = 0;
			knownRegions = (
				en,
				Base,
			);
			mainGroup = A01B63E5200C9335009E4871;
			productRefGroup = A01B63EF200C9335009E4871 /* Products */;
			projectDirPath = "";
			projectRoot = "";
			targets = (
				A01B63ED200C9335009E4871 /* FoodTaskerMobile */,
				A01B6401200C9335009E4871 /* FoodTaskerMobileTests */,
				A01B640C200C9335009E4871 /* FoodTaskerMobileUITests */,
			);
		};
/* End PBXProject section */

/* Begin PBXResourcesBuildPhase section */
		A01B63EC200C9335009E4871 /* Resources */ = {
			isa = PBXResourcesBuildPhase;
			buildActionMask = 2147483647;
			files = (
				A01B63FC200C9335009E4871 /* LaunchScreen.storyboard in Resources */,
				A01B63F9200C9335009E4871 /* Assets.xcassets in Resources */,
				A01B63F7200C9335009E4871 /* Main.storyboard in Resources */,
			);
			runOnlyForDeploymentPostprocessing = 0;
		};
		A01B6400200C9335009E4871 /* Resources */ = {
			isa = PBXResourcesBuildPhase;
			buildActionMask = 2147483647;
			files = (
			);
			runOnlyForDeploymentPostprocessing = 0;
		};
		A01B640B200C9335009E4871 /* Resources */ = {
			isa = PBXResourcesBuildPhase;
			buildActionMask = 2147483647;
			files = (
			);
			runOnlyForDeploymentPostprocessing = 0;
		};
/* End PBXResourcesBuildPhase section */

/* Begin PBXShellScriptBuildPhase section */
		8CB39E86086B186195463361 /* [CP] Embed Pods Frameworks */ = {
			isa = PBXShellScriptBuildPhase;
			buildActionMask = 2147483647;
			files = (
			);
			inputPaths = (
				"${SRCROOT}/Pods/Target Support Files/Pods-FoodTaskerMobile/Pods-FoodTaskerMobile-frameworks.sh",
				"${BUILT_PRODUCTS_DIR}/Alamofire/Alamofire.framework",
				"${BUILT_PRODUCTS_DIR}/Bolts/Bolts.framework",
				"${BUILT_PRODUCTS_DIR}/FBSDKCoreKit/FBSDKCoreKit.framework",
				"${BUILT_PRODUCTS_DIR}/FBSDKLoginKit/FBSDKLoginKit.framework",
				"${BUILT_PRODUCTS_DIR}/FBSDKShareKit/FBSDKShareKit.framework",
				"${BUILT_PRODUCTS_DIR}/Keys/Keys.framework",
				"${BUILT_PRODUCTS_DIR}/Stripe/Stripe.framework",
				"${BUILT_PRODUCTS_DIR}/SwiftyJSON/SwiftyJSON.framework",
			);
			name = "[CP] Embed Pods Frameworks";
			outputPaths = (
				"${TARGET_BUILD_DIR}/${FRAMEWORKS_FOLDER_PATH}/Alamofire.framework",
				"${TARGET_BUILD_DIR}/${FRAMEWORKS_FOLDER_PATH}/Bolts.framework",
				"${TARGET_BUILD_DIR}/${FRAMEWORKS_FOLDER_PATH}/FBSDKCoreKit.framework",
				"${TARGET_BUILD_DIR}/${FRAMEWORKS_FOLDER_PATH}/FBSDKLoginKit.framework",
				"${TARGET_BUILD_DIR}/${FRAMEWORKS_FOLDER_PATH}/FBSDKShareKit.framework",
				"${TARGET_BUILD_DIR}/${FRAMEWORKS_FOLDER_PATH}/Keys.framework",
				"${TARGET_BUILD_DIR}/${FRAMEWORKS_FOLDER_PATH}/Stripe.framework",
				"${TARGET_BUILD_DIR}/${FRAMEWORKS_FOLDER_PATH}/SwiftyJSON.framework",
			);
			runOnlyForDeploymentPostprocessing = 0;
			shellPath = /bin/sh;
			shellScript = "\"${SRCROOT}/Pods/Target Support Files/Pods-FoodTaskerMobile/Pods-FoodTaskerMobile-frameworks.sh\"\n";
			showEnvVarsInLog = 0;
		};
		C9FEC9CC298FB9A812C15077 /* [CP] Check Pods Manifest.lock */ = {
			isa = PBXShellScriptBuildPhase;
			buildActionMask = 2147483647;
			files = (
			);
			inputPaths = (
				"${PODS_PODFILE_DIR_PATH}/Podfile.lock",
				"${PODS_ROOT}/Manifest.lock",
			);
			name = "[CP] Check Pods Manifest.lock";
			outputPaths = (
				"$(DERIVED_FILE_DIR)/Pods-FoodTaskerMobile-checkManifestLockResult.txt",
			);
			runOnlyForDeploymentPostprocessing = 0;
			shellPath = /bin/sh;
			shellScript = "diff \"${PODS_PODFILE_DIR_PATH}/Podfile.lock\" \"${PODS_ROOT}/Manifest.lock\" > /dev/null\nif [ $? != 0 ] ; then\n    # print error to STDERR\n    echo \"error: The sandbox is not in sync with the Podfile.lock. Run 'pod install' or update your CocoaPods installation.\" >&2\n    exit 1\nfi\n# This output is used by Xcode 'outputs' to avoid re-running this script phase.\necho \"SUCCESS\" > \"${SCRIPT_OUTPUT_FILE_0}\"\n";
			showEnvVarsInLog = 0;
		};
		CD1243531FA9264355A5C4E5 /* [CP] Copy Pods Resources */ = {
			isa = PBXShellScriptBuildPhase;
			buildActionMask = 2147483647;
			files = (
			);
			inputPaths = (
			);
			name = "[CP] Copy Pods Resources";
			outputPaths = (
			);
			runOnlyForDeploymentPostprocessing = 0;
			shellPath = /bin/sh;
			shellScript = "\"${SRCROOT}/Pods/Target Support Files/Pods-FoodTaskerMobile/Pods-FoodTaskerMobile-resources.sh\"\n";
			showEnvVarsInLog = 0;
		};
/* End PBXShellScriptBuildPhase section */

/* Begin PBXSourcesBuildPhase section */
		A01B63EA200C9335009E4871 /* Sources */ = {
			isa = PBXSourcesBuildPhase;
			buildActionMask = 2147483647;
			files = (
				A0D1DF5B205421D40053875B /* User.swift in Sources */,
				A0D1DF57205023420053875B /* FBManager.swift in Sources */,
				A02D0AB5204F54F0000B9A71 /* OrderViewController.swift in Sources */,
				A0444F9E204AFFFA001C9202 /* MealDetailsViewController.swift in Sources */,
				A0D1DF69205552550053875B /* Constants.swift in Sources */,
				A0444FA0204BAB06001C9202 /* TrayViewController.swift in Sources */,
				A0D1DF67205437770053875B /* APIManager.swift in Sources */,
				A0444F98204AD8D0001C9202 /* RestaurantViewController.swift in Sources */,
				A0444F9C204AE650001C9202 /* MealListTableViewController.swift in Sources */,
				A01B63F2200C9335009E4871 /* AppDelegate.swift in Sources */,
				A0444F9A204ADED8001C9202 /* CustomerMenuTableViewController.swift in Sources */,
				A02D0AB3204CA8E7000B9A71 /* PaymentViewController.swift in Sources */,
				A0D1DF61205436CB0053875B /* LoginViewController.swift in Sources */,
				A01B6422200F209D009E4871 /* SWRevealViewController.m in Sources */,
			);
			runOnlyForDeploymentPostprocessing = 0;
		};
		A01B63FE200C9335009E4871 /* Sources */ = {
			isa = PBXSourcesBuildPhase;
			buildActionMask = 2147483647;
			files = (
				A01B6407200C9335009E4871 /* FoodTaskerMobileTests.swift in Sources */,
			);
			runOnlyForDeploymentPostprocessing = 0;
		};
		A01B6409200C9335009E4871 /* Sources */ = {
			isa = PBXSourcesBuildPhase;
			buildActionMask = 2147483647;
			files = (
				A01B6412200C9335009E4871 /* FoodTaskerMobileUITests.swift in Sources */,
			);
			runOnlyForDeploymentPostprocessing = 0;
		};
/* End PBXSourcesBuildPhase section */

/* Begin PBXTargetDependency section */
		A01B6404200C9335009E4871 /* PBXTargetDependency */ = {
			isa = PBXTargetDependency;
			target = A01B63ED200C9335009E4871 /* FoodTaskerMobile */;
			targetProxy = A01B6403200C9335009E4871 /* PBXContainerItemProxy */;
		};
		A01B640F200C9335009E4871 /* PBXTargetDependency */ = {
			isa = PBXTargetDependency;
			target = A01B63ED200C9335009E4871 /* FoodTaskerMobile */;
			targetProxy = A01B640E200C9335009E4871 /* PBXContainerItemProxy */;
		};
/* End PBXTargetDependency section */

/* Begin PBXVariantGroup section */
		A01B63F5200C9335009E4871 /* Main.storyboard */ = {
			isa = PBXVariantGroup;
			children = (
				A01B63F6200C9335009E4871 /* Base */,
			);
			name = Main.storyboard;
			sourceTree = "<group>";
		};
		A01B63FA200C9335009E4871 /* LaunchScreen.storyboard */ = {
			isa = PBXVariantGroup;
			children = (
				A01B63FB200C9335009E4871 /* Base */,
			);
			name = LaunchScreen.storyboard;
			sourceTree = "<group>";
		};
/* End PBXVariantGroup section */

/* Begin XCBuildConfiguration section */
		A01B6414200C9335009E4871 /* Debug */ = {
			isa = XCBuildConfiguration;
			buildSettings = {
				ALWAYS_SEARCH_USER_PATHS = NO;
				CLANG_ANALYZER_NONNULL = YES;
				CLANG_ANALYZER_NUMBER_OBJECT_CONVERSION = YES_AGGRESSIVE;
				CLANG_CXX_LANGUAGE_STANDARD = "gnu++14";
				CLANG_CXX_LIBRARY = "libc++";
				CLANG_ENABLE_MODULES = YES;
				CLANG_ENABLE_OBJC_ARC = YES;
				CLANG_WARN_BLOCK_CAPTURE_AUTORELEASING = YES;
				CLANG_WARN_BOOL_CONVERSION = YES;
				CLANG_WARN_COMMA = YES;
				CLANG_WARN_CONSTANT_CONVERSION = YES;
				CLANG_WARN_DIRECT_OBJC_ISA_USAGE = YES_ERROR;
				CLANG_WARN_DOCUMENTATION_COMMENTS = YES;
				CLANG_WARN_EMPTY_BODY = YES;
				CLANG_WARN_ENUM_CONVERSION = YES;
				CLANG_WARN_INFINITE_RECURSION = YES;
				CLANG_WARN_INT_CONVERSION = YES;
				CLANG_WARN_NON_LITERAL_NULL_CONVERSION = YES;
				CLANG_WARN_OBJC_LITERAL_CONVERSION = YES;
				CLANG_WARN_OBJC_ROOT_CLASS = YES_ERROR;
				CLANG_WARN_RANGE_LOOP_ANALYSIS = YES;
				CLANG_WARN_STRICT_PROTOTYPES = YES;
				CLANG_WARN_SUSPICIOUS_MOVE = YES;
				CLANG_WARN_UNGUARDED_AVAILABILITY = YES_AGGRESSIVE;
				CLANG_WARN_UNREACHABLE_CODE = YES;
				CLANG_WARN__DUPLICATE_METHOD_MATCH = YES;
				CODE_SIGN_IDENTITY = "iPhone Developer";
				COPY_PHASE_STRIP = NO;
				DEBUG_INFORMATION_FORMAT = dwarf;
				ENABLE_STRICT_OBJC_MSGSEND = YES;
				ENABLE_TESTABILITY = YES;
				GCC_C_LANGUAGE_STANDARD = gnu11;
				GCC_DYNAMIC_NO_PIC = NO;
				GCC_NO_COMMON_BLOCKS = YES;
				GCC_OPTIMIZATION_LEVEL = 0;
				GCC_PREPROCESSOR_DEFINITIONS = (
					"DEBUG=1",
					"$(inherited)",
				);
				GCC_WARN_64_TO_32_BIT_CONVERSION = YES;
				GCC_WARN_ABOUT_RETURN_TYPE = YES_ERROR;
				GCC_WARN_UNDECLARED_SELECTOR = YES;
				GCC_WARN_UNINITIALIZED_AUTOS = YES_AGGRESSIVE;
				GCC_WARN_UNUSED_FUNCTION = YES;
				GCC_WARN_UNUSED_VARIABLE = YES;
				IPHONEOS_DEPLOYMENT_TARGET = 11.2;
				MTL_ENABLE_DEBUG_INFO = YES;
				ONLY_ACTIVE_ARCH = YES;
				SDKROOT = iphoneos;
				SWIFT_ACTIVE_COMPILATION_CONDITIONS = DEBUG;
				SWIFT_OPTIMIZATION_LEVEL = "-Onone";
			};
			name = Debug;
		};
		A01B6415200C9335009E4871 /* Release */ = {
			isa = XCBuildConfiguration;
			buildSettings = {
				ALWAYS_SEARCH_USER_PATHS = NO;
				CLANG_ANALYZER_NONNULL = YES;
				CLANG_ANALYZER_NUMBER_OBJECT_CONVERSION = YES_AGGRESSIVE;
				CLANG_CXX_LANGUAGE_STANDARD = "gnu++14";
				CLANG_CXX_LIBRARY = "libc++";
				CLANG_ENABLE_MODULES = YES;
				CLANG_ENABLE_OBJC_ARC = YES;
				CLANG_WARN_BLOCK_CAPTURE_AUTORELEASING = YES;
				CLANG_WARN_BOOL_CONVERSION = YES;
				CLANG_WARN_COMMA = YES;
				CLANG_WARN_CONSTANT_CONVERSION = YES;
				CLANG_WARN_DIRECT_OBJC_ISA_USAGE = YES_ERROR;
				CLANG_WARN_DOCUMENTATION_COMMENTS = YES;
				CLANG_WARN_EMPTY_BODY = YES;
				CLANG_WARN_ENUM_CONVERSION = YES;
				CLANG_WARN_INFINITE_RECURSION = YES;
				CLANG_WARN_INT_CONVERSION = YES;
				CLANG_WARN_NON_LITERAL_NULL_CONVERSION = YES;
				CLANG_WARN_OBJC_LITERAL_CONVERSION = YES;
				CLANG_WARN_OBJC_ROOT_CLASS = YES_ERROR;
				CLANG_WARN_RANGE_LOOP_ANALYSIS = YES;
				CLANG_WARN_STRICT_PROTOTYPES = YES;
				CLANG_WARN_SUSPICIOUS_MOVE = YES;
				CLANG_WARN_UNGUARDED_AVAILABILITY = YES_AGGRESSIVE;
				CLANG_WARN_UNREACHABLE_CODE = YES;
				CLANG_WARN__DUPLICATE_METHOD_MATCH = YES;
				CODE_SIGN_IDENTITY = "iPhone Developer";
				COPY_PHASE_STRIP = NO;
				DEBUG_INFORMATION_FORMAT = "dwarf-with-dsym";
				ENABLE_NS_ASSERTIONS = NO;
				ENABLE_STRICT_OBJC_MSGSEND = YES;
				GCC_C_LANGUAGE_STANDARD = gnu11;
				GCC_NO_COMMON_BLOCKS = YES;
				GCC_WARN_64_TO_32_BIT_CONVERSION = YES;
				GCC_WARN_ABOUT_RETURN_TYPE = YES_ERROR;
				GCC_WARN_UNDECLARED_SELECTOR = YES;
				GCC_WARN_UNINITIALIZED_AUTOS = YES_AGGRESSIVE;
				GCC_WARN_UNUSED_FUNCTION = YES;
				GCC_WARN_UNUSED_VARIABLE = YES;
				IPHONEOS_DEPLOYMENT_TARGET = 11.2;
				MTL_ENABLE_DEBUG_INFO = NO;
				SDKROOT = iphoneos;
				SWIFT_OPTIMIZATION_LEVEL = "-Owholemodule";
				VALIDATE_PRODUCT = YES;
			};
			name = Release;
		};
		A01B6417200C9335009E4871 /* Debug */ = {
			isa = XCBuildConfiguration;
			baseConfigurationReference = 5BDF667143B7E739BA11D9F9 /* Pods-FoodTaskerMobile.debug.xcconfig */;
			buildSettings = {
				ASSETCATALOG_COMPILER_APPICON_NAME = AppIcon;
				CLANG_ENABLE_MODULES = YES;
				CODE_SIGN_ENTITLEMENTS = FoodTaskerMobile/FoodTaskerMobile.entitlements;
				CODE_SIGN_STYLE = Automatic;
				DEVELOPMENT_TEAM = GE5URC6KT3;
				INFOPLIST_FILE = FoodTaskerMobile/Info.plist;
				LD_RUNPATH_SEARCH_PATHS = "$(inherited) @executable_path/Frameworks";
				PRODUCT_BUNDLE_IDENTIFIER = myapp.FoodTaskerMobile;
				PRODUCT_NAME = "$(TARGET_NAME)";
				SWIFT_OBJC_BRIDGING_HEADER = "/Users/ryokotominaga/projects/FoodTaskerMobile/FoodTaskerMobile/Lib/FoodTaskerMobile-Bridging-Header.h";
				SWIFT_OPTIMIZATION_LEVEL = "-Onone";
				SWIFT_VERSION = 4.0;
				TARGETED_DEVICE_FAMILY = "1,2";
			};
			name = Debug;
		};
		A01B6418200C9335009E4871 /* Release */ = {
			isa = XCBuildConfiguration;
			baseConfigurationReference = E10B22EA2FAE78AAC4D2E891 /* Pods-FoodTaskerMobile.release.xcconfig */;
			buildSettings = {
				ASSETCATALOG_COMPILER_APPICON_NAME = AppIcon;
				CLANG_ENABLE_MODULES = YES;
				CODE_SIGN_ENTITLEMENTS = FoodTaskerMobile/FoodTaskerMobile.entitlements;
				CODE_SIGN_STYLE = Automatic;
				DEVELOPMENT_TEAM = GE5URC6KT3;
				INFOPLIST_FILE = FoodTaskerMobile/Info.plist;
				LD_RUNPATH_SEARCH_PATHS = "$(inherited) @executable_path/Frameworks";
				PRODUCT_BUNDLE_IDENTIFIER = myapp.FoodTaskerMobile;
				PRODUCT_NAME = "$(TARGET_NAME)";
				SWIFT_OBJC_BRIDGING_HEADER = "/Users/ryokotominaga/projects/FoodTaskerMobile/FoodTaskerMobile/Lib/FoodTaskerMobile-Bridging-Header.h";
				SWIFT_VERSION = 4.0;
				TARGETED_DEVICE_FAMILY = "1,2";
			};
			name = Release;
		};
		A01B641A200C9335009E4871 /* Debug */ = {
			isa = XCBuildConfiguration;
			buildSettings = {
				ALWAYS_EMBED_SWIFT_STANDARD_LIBRARIES = YES;
				BUNDLE_LOADER = "$(TEST_HOST)";
				CODE_SIGN_STYLE = Automatic;
				INFOPLIST_FILE = FoodTaskerMobileTests/Info.plist;
				LD_RUNPATH_SEARCH_PATHS = "$(inherited) @executable_path/Frameworks @loader_path/Frameworks";
				PRODUCT_BUNDLE_IDENTIFIER = myapp.FoodTaskerMobileTests;
				PRODUCT_NAME = "$(TARGET_NAME)";
				SWIFT_VERSION = 4.0;
				TARGETED_DEVICE_FAMILY = "1,2";
				TEST_HOST = "$(BUILT_PRODUCTS_DIR)/FoodTaskerMobile.app/FoodTaskerMobile";
			};
			name = Debug;
		};
		A01B641B200C9335009E4871 /* Release */ = {
			isa = XCBuildConfiguration;
			buildSettings = {
				ALWAYS_EMBED_SWIFT_STANDARD_LIBRARIES = YES;
				BUNDLE_LOADER = "$(TEST_HOST)";
				CODE_SIGN_STYLE = Automatic;
				INFOPLIST_FILE = FoodTaskerMobileTests/Info.plist;
				LD_RUNPATH_SEARCH_PATHS = "$(inherited) @executable_path/Frameworks @loader_path/Frameworks";
				PRODUCT_BUNDLE_IDENTIFIER = myapp.FoodTaskerMobileTests;
				PRODUCT_NAME = "$(TARGET_NAME)";
				SWIFT_VERSION = 4.0;
				TARGETED_DEVICE_FAMILY = "1,2";
				TEST_HOST = "$(BUILT_PRODUCTS_DIR)/FoodTaskerMobile.app/FoodTaskerMobile";
			};
			name = Release;
		};
		A01B641D200C9335009E4871 /* Debug */ = {
			isa = XCBuildConfiguration;
			buildSettings = {
				ALWAYS_EMBED_SWIFT_STANDARD_LIBRARIES = YES;
				CODE_SIGN_STYLE = Automatic;
				INFOPLIST_FILE = FoodTaskerMobileUITests/Info.plist;
				LD_RUNPATH_SEARCH_PATHS = "$(inherited) @executable_path/Frameworks @loader_path/Frameworks";
				PRODUCT_BUNDLE_IDENTIFIER = myapp.FoodTaskerMobileUITests;
				PRODUCT_NAME = "$(TARGET_NAME)";
				SWIFT_VERSION = 4.0;
				TARGETED_DEVICE_FAMILY = "1,2";
				TEST_TARGET_NAME = FoodTaskerMobile;
			};
			name = Debug;
		};
		A01B641E200C9335009E4871 /* Release */ = {
			isa = XCBuildConfiguration;
			buildSettings = {
				ALWAYS_EMBED_SWIFT_STANDARD_LIBRARIES = YES;
				CODE_SIGN_STYLE = Automatic;
				INFOPLIST_FILE = FoodTaskerMobileUITests/Info.plist;
				LD_RUNPATH_SEARCH_PATHS = "$(inherited) @executable_path/Frameworks @loader_path/Frameworks";
				PRODUCT_BUNDLE_IDENTIFIER = myapp.FoodTaskerMobileUITests;
				PRODUCT_NAME = "$(TARGET_NAME)";
				SWIFT_VERSION = 4.0;
				TARGETED_DEVICE_FAMILY = "1,2";
				TEST_TARGET_NAME = FoodTaskerMobile;
			};
			name = Release;
		};
/* End XCBuildConfiguration section */

/* Begin XCConfigurationList section */
		A01B63E9200C9335009E4871 /* Build configuration list for PBXProject "FoodTaskerMobile" */ = {
			isa = XCConfigurationList;
			buildConfigurations = (
				A01B6414200C9335009E4871 /* Debug */,
				A01B6415200C9335009E4871 /* Release */,
			);
			defaultConfigurationIsVisible = 0;
			defaultConfigurationName = Release;
		};
		A01B6416200C9335009E4871 /* Build configuration list for PBXNativeTarget "FoodTaskerMobile" */ = {
			isa = XCConfigurationList;
			buildConfigurations = (
				A01B6417200C9335009E4871 /* Debug */,
				A01B6418200C9335009E4871 /* Release */,
			);
			defaultConfigurationIsVisible = 0;
			defaultConfigurationName = Release;
		};
		A01B6419200C9335009E4871 /* Build configuration list for PBXNativeTarget "FoodTaskerMobileTests" */ = {
			isa = XCConfigurationList;
			buildConfigurations = (
				A01B641A200C9335009E4871 /* Debug */,
				A01B641B200C9335009E4871 /* Release */,
			);
			defaultConfigurationIsVisible = 0;
			defaultConfigurationName = Release;
		};
		A01B641C200C9335009E4871 /* Build configuration list for PBXNativeTarget "FoodTaskerMobileUITests" */ = {
			isa = XCConfigurationList;
			buildConfigurations = (
				A01B641D200C9335009E4871 /* Debug */,
				A01B641E200C9335009E4871 /* Release */,
			);
			defaultConfigurationIsVisible = 0;
			defaultConfigurationName = Release;
		};
/* End XCConfigurationList section */
	};
	rootObject = A01B63E6200C9335009E4871 /* Project object */;
}
